
Microsoft Visual Studio Solution File, Format Version 12.00
# Visual Studio 14
VisualStudioVersion = 14.0.25420.1
MinimumVisualStudioVersion = 10.0.40219.1
Project("{FAE04EC0-301F-11D3-BF4B-00C04F79EFBC}") = "WXLWeb", "WXLWeb\WXLWeb.csproj", "{86AF2234-1146-4744-85F1-A45BB606DE09}"
EndProject
Project("{FAE04EC0-301F-11D3-BF4B-00C04F79EFBC}") = "Common", "Common\Common.csproj", "{878B664A-06B7-4634-9275-C36E20AFBC4C}"
EndProject
Project("{FAE04EC0-301F-11D3-BF4B-00C04F79EFBC}") = "WXL.Model", "WXL.Model\WXL.Model.csproj", "{6CB06242-0C42-49F6-B80C-55E2C8D757CC}"
EndProject
Project("{FAE04EC0-301F-11D3-BF4B-00C04F79EFBC}") = "WXL.DAL", "WXL.DAL\WXL.DAL.csproj", "{76BE3602-040A-4E7C-94DE-B090A711CB0E}"
EndProject
Project("{FAE04EC0-301F-11D3-BF4B-00C04F79EFBC}") = "WXL.IDAL", "WXL.IDAL\WXL.IDAL.csproj", "{0840EB84-FA83-4953-8159-D13D3F0A8079}"
EndProject
Project("{FAE04EC0-301F-11D3-BF4B-00C04F79EFBC}") = "WXL.DALFactory", "WXL.DALFactory\WXL.DALFactory.csproj", "{EEA801C5-3984-4169-8819-3AA21CA92B5C}"
EndProject
Project("{FAE04EC0-301F-11D3-BF4B-00C04F79EFBC}") = "WXL.IBLL", "WXL.IBLL\WXL.IBLL.csproj", "{0787D537-83E5-464D-92A7-20845A7BF3AA}"
EndProject
Project("{FAE04EC0-301F-11D3-BF4B-00C04F79EFBC}") = "WXL.BLL", "WXL.BLL\WXL.BLL.csproj", "{4E0733FD-F799-4354-8AEA-C72A1B7C4061}"
EndProject
Project("{FAE04EC0-301F-11D3-BF4B-00C04F79EFBC}") = "WXL.ViewModel", "WXL.ViewModel\WXL.ViewModel.csproj", "{F55E233A-C9C9-4FF8-8942-EA50A99FF752}"
EndProject
Global
	GlobalSection(SolutionConfigurationPlatforms) = preSolution
		Debug|Any CPU = Debug|Any CPU
		Release|Any CPU = Release|Any CPU
	EndGlobalSection
	GlobalSection(ProjectConfigurationPlatforms) = postSolution
		{86AF2234-1146-4744-85F1-A45BB606DE09}.Debug|Any CPU.ActiveCfg = Debug|Any CPU
		{86AF2234-1146-4744-85F1-A45BB606DE09}.Debug|Any CPU.Build.0 = Debug|Any CPU
		{86AF2234-1146-4744-85F1-A45BB606DE09}.Release|Any CPU.ActiveCfg = Release|Any CPU
		{86AF2234-1146-4744-85F1-A45BB606DE09}.Release|Any CPU.Build.0 = Release|Any CPU
		{878B664A-06B7-4634-9275-C36E20AFBC4C}.Debug|Any CPU.ActiveCfg = Debug|Any CPU
		{878B664A-06B7-4634-9275-C36E20AFBC4C}.Debug|Any CPU.Build.0 = Debug|Any CPU
		{878B664A-06B7-4634-9275-C36E20AFBC4C}.Release|Any CPU.ActiveCfg = Release|Any CPU
		{878B664A-06B7-4634-9275-C36E20AFBC4C}.Release|Any CPU.Build.0 = Release|Any CPU
		{6CB06242-0C42-49F6-B80C-55E2C8D757CC}.Debug|Any CPU.ActiveCfg = Debug|Any CPU
		{6CB06242-0C42-49F6-B80C-55E2C8D757CC}.Debug|Any CPU.Build.0 = Debug|Any CPU
		{6CB06242-0C42-49F6-B80C-55E2C8D757CC}.Release|Any CPU.ActiveCfg = Release|Any CPU
		{6CB06242-0C42-49F6-B80C-55E2C8D757CC}.Release|Any CPU.Build.0 = Release|Any CPU
		{76BE3602-040A-4E7C-94DE-B090A711CB0E}.Debug|Any CPU.ActiveCfg = Debug|Any CPU
		{76BE3602-040A-4E7C-94DE-B090A711CB0E}.Debug|Any CPU.Build.0 = Debug|Any CPU
		{76BE3602-040A-4E7C-94DE-B090A711CB0E}.Release|Any CPU.ActiveCfg = Release|Any CPU
		{76BE3602-040A-4E7C-94DE-B090A711CB0E}.Release|Any CPU.Build.0 = Release|Any CPU
		{0840EB84-FA83-4953-8159-D13D3F0A8079}.Debug|Any CPU.ActiveCfg = Debug|Any CPU
		{0840EB84-FA83-4953-8159-D13D3F0A8079}.Debug|Any CPU.Build.0 = Debug|Any CPU
		{0840EB84-FA83-4953-8159-D13D3F0A8079}.Release|Any CPU.ActiveCfg = Release|Any CPU
		{0840EB84-FA83-4953-8159-D13D3F0A8079}.Release|Any CPU.Build.0 = Release|Any CPU
		{EEA801C5-3984-4169-8819-3AA21CA92B5C}.Debug|Any CPU.ActiveCfg = Debug|Any CPU
		{EEA801C5-3984-4169-8819-3AA21CA92B5C}.Debug|Any CPU.Build.0 = Debug|Any CPU
		{EEA801C5-3984-4169-8819-3AA21CA92B5C}.Release|Any CPU.ActiveCfg = Release|Any CPU
		{EEA801C5-3984-4169-8819-3AA21CA92B5C}.Release|Any CPU.Build.0 = Release|Any CPU
		{0787D537-83E5-464D-92A7-20845A7BF3AA}.Debug|Any CPU.ActiveCfg = Debug|Any CPU
		{0787D537-83E5-464D-92A7-20845A7BF3AA}.Debug|Any CPU.Build.0 = Debug|Any CPU
		{0787D537-83E5-464D-92A7-20845A7BF3AA}.Release|Any CPU.ActiveCfg = Release|Any CPU
		{0787D537-83E5-464D-92A7-20845A7BF3AA}.Release|Any CPU.Build.0 = Release|Any CPU
		{4E0733FD-F799-4354-8AEA-C72A1B7C4061}.Debug|Any CPU.ActiveCfg = Debug|Any CPU
		{4E0733FD-F799-4354-8AEA-C72A1B7C4061}.Debug|Any CPU.Build.0 = Debug|Any CPU
		{4E0733FD-F799-4354-8AEA-C72A1B7C4061}.Release|Any CPU.ActiveCfg = Release|Any CPU
		{4E0733FD-F799-4354-8AEA-C72A1B7C4061}.Release|Any CPU.Build.0 = Release|Any CPU
		{F55E233A-C9C9-4FF8-8942-EA50A99FF752}.Debug|Any CPU.ActiveCfg = Debug|Any CPU
		{F55E233A-C9C9-4FF8-8942-EA50A99FF752}.Debug|Any CPU.Build.0 = Debug|Any CPU
		{F55E233A-C9C9-4FF8-8942-EA50A99FF752}.Release|Any CPU.ActiveCfg = Release|Any CPU
		{F55E233A-C9C9-4FF8-8942-EA50A99FF752}.Release|Any CPU.Build.0 = Release|Any CPU
	EndGlobalSection
	GlobalSection(SolutionProperties) = preSolution
		HideSolutionNode = FALSE
	EndGlobalSection
EndGlobal
